
Microsoft Visual Studio Solution File, Format Version 12.00
# Visual Studio Version 17
VisualStudioVersion = 17.13.36105.23 d17.13
MinimumVisualStudioVersion = 10.0.40219.1
Project("{888888A0-9F3D-457C-B088-3A5042F75D52}") = "Bot_trading_API_RES", "Bot_trading_API_RES\Bot_trading_API_RES.pyproj", "{760845D2-8C9E-46A8-820B-C303AA57AA5E}"
EndProject
Global
	GlobalSection(SolutionConfigurationPlatforms) = preSolution
		Debug|Any CPU = Debug|Any CPU
		Release|Any CPU = Release|Any CPU
	EndGlobalSection
	GlobalSection(ProjectConfigurationPlatforms) = postSolution
		{760845D2-8C9E-46A8-820B-C303AA57AA5E}.Debug|Any CPU.ActiveCfg = Debug|Any CPU
		{760845D2-8C9E-46A8-820B-C303AA57AA5E}.Release|Any CPU.ActiveCfg = Release|Any CPU
	EndGlobalSection
	GlobalSection(SolutionProperties) = preSolution
		HideSolutionNode = FALSE
	EndGlobalSection
	GlobalSection(ExtensibilityGlobals) = postSolution
		SolutionGuid = {5A707D2E-4123-40C0-B6C9-B7F828741391}
	EndGlobalSection
EndGlobal
